
Microsoft Visual Studio Solution File, Format Version 12.00
# Visual Studio Version 16
VisualStudioVersion = 16.0.29306.81
MinimumVisualStudioVersion = 10.0.40219.1
Project("{FAE04EC0-301F-11D3-BF4B-00C04F79EFBC}") = "ShoppingListTelegramBot", "ShoppingListTelegramBot\ShoppingListTelegramBot.csproj", "{92CAA4E2-BC1D-4B36-BA75-86AECFBED7EE}"
EndProject
Global
	GlobalSection(SolutionConfigurationPlatforms) = preSolution
		Debug|Any CPU = Debug|Any CPU
		Release|Any CPU = Release|Any CPU
	EndGlobalSection
	GlobalSection(ProjectConfigurationPlatforms) = postSolution
		{92CAA4E2-BC1D-4B36-BA75-86AECFBED7EE}.Debug|Any CPU.ActiveCfg = Debug|Any CPU
		{92CAA4E2-BC1D-4B36-BA75-86AECFBED7EE}.Debug|Any CPU.Build.0 = Debug|Any CPU
		{92CAA4E2-BC1D-4B36-BA75-86AECFBED7EE}.Release|Any CPU.ActiveCfg = Release|Any CPU
		{92CAA4E2-BC1D-4B36-BA75-86AECFBED7EE}.Release|Any CPU.Build.0 = Release|Any CPU
	EndGlobalSection
	GlobalSection(SolutionProperties) = preSolution
		HideSolutionNode = FALSE
	EndGlobalSection
	GlobalSection(ExtensibilityGlobals) = postSolution
		SolutionGuid = {12ECFA6E-173B-43DD-82A8-C647B65E488E}
	EndGlobalSection
EndGlobal
